{
  "name": "V_DH",
  "version": "1.0.0",
  "lockfileVersion": 2,
  "requires": true,
  "packages": {
    "": {
      "name": "V_DH",
      "version": "1.0.0",
      "license": "ISC",
      "dependencies": {
        "date-and-time": "^1.0.1",
        "v_file_system": "^1.0.3"
      }
    },
    "node_modules/date-and-time": {
      "version": "1.0.1",
      "resolved": "https://registry.npmjs.org/date-and-time/-/date-and-time-1.0.1.tgz",
      "integrity": "sha512-7u+uNfnjWkX+YFQfivvW24TjaJG6ahvTrfw1auq7KlC7osuGcZBIWGBvB9UcENjH6JnLVhMqlRripk1dSHjAUA=="
    },
    "node_modules/v_file_system": {
      "version": "1.0.3",
      "resolved": "https://registry.npmjs.org/v_file_system/-/v_file_system-1.0.3.tgz",
      "integrity": "sha512-rugSusiAKJIb/oDls0CjD4pVp5sQurOrgi99hsAuvn6kspFram6mypqx5P4XQFsVmGPvpURXtwarWTc6YU9Aug=="
    }
  },
  "dependencies": {
    "date-and-time": {
      "version": "1.0.1",
      "resolved": "https://registry.npmjs.org/date-and-time/-/date-and-time-1.0.1.tgz",
      "integrity": "sha512-7u+uNfnjWkX+YFQfivvW24TjaJG6ahvTrfw1auq7KlC7osuGcZBIWGBvB9UcENjH6JnLVhMqlRripk1dSHjAUA=="
    },
    "v_file_system": {
      "version": "1.0.3",
      "resolved": "https://registry.npmjs.org/v_file_system/-/v_file_system-1.0.3.tgz",
      "integrity": "sha512-rugSusiAKJIb/oDls0CjD4pVp5sQurOrgi99hsAuvn6kspFram6mypqx5P4XQFsVmGPvpURXtwarWTc6YU9Aug=="
    }
  }
}
